
Microsoft Visual Studio Solution File, Format Version 12.00
# Visual Studio Version 16
VisualStudioVersion = 16.0.31005.135
MinimumVisualStudioVersion = 10.0.40219.1
Project("{FAE04EC0-301F-11D3-BF4B-00C04F79EFBC}") = "WCFProject_CE091_CE081", "WCFProject_CE091_CE081\WCFProject_CE091_CE081.csproj", "{CA8FAE23-3194-44F0-92CB-BBFA215B5542}"
EndProject
Project("{FAE04EC0-301F-11D3-BF4B-00C04F79EFBC}") = "WCFProject_CE091_CE081_Client", "WCFProject_CE091_CE081_Client\WCFProject_CE091_CE081_Client.csproj", "{1788C7F3-4F81-4227-8F15-2DAC4792989C}"
	ProjectSection(ProjectDependencies) = postProject
		{CA8FAE23-3194-44F0-92CB-BBFA215B5542} = {CA8FAE23-3194-44F0-92CB-BBFA215B5542}
	EndProjectSection
EndProject
Global
	GlobalSection(SolutionConfigurationPlatforms) = preSolution
		Debug|Any CPU = Debug|Any CPU
		Release|Any CPU = Release|Any CPU
	EndGlobalSection
	GlobalSection(ProjectConfigurationPlatforms) = postSolution
		{CA8FAE23-3194-44F0-92CB-BBFA215B5542}.Debug|Any CPU.ActiveCfg = Debug|Any CPU
		{CA8FAE23-3194-44F0-92CB-BBFA215B5542}.Debug|Any CPU.Build.0 = Debug|Any CPU
		{CA8FAE23-3194-44F0-92CB-BBFA215B5542}.Release|Any CPU.ActiveCfg = Release|Any CPU
		{CA8FAE23-3194-44F0-92CB-BBFA215B5542}.Release|Any CPU.Build.0 = Release|Any CPU
		{1788C7F3-4F81-4227-8F15-2DAC4792989C}.Debug|Any CPU.ActiveCfg = Debug|Any CPU
		{1788C7F3-4F81-4227-8F15-2DAC4792989C}.Debug|Any CPU.Build.0 = Debug|Any CPU
		{1788C7F3-4F81-4227-8F15-2DAC4792989C}.Release|Any CPU.ActiveCfg = Release|Any CPU
		{1788C7F3-4F81-4227-8F15-2DAC4792989C}.Release|Any CPU.Build.0 = Release|Any CPU
	EndGlobalSection
	GlobalSection(SolutionProperties) = preSolution
		HideSolutionNode = FALSE
	EndGlobalSection
	GlobalSection(ExtensibilityGlobals) = postSolution
		SolutionGuid = {8C9CF61C-6123-43F8-A387-B8D598E2A45E}
	EndGlobalSection
EndGlobal
